
Microsoft Visual Studio Solution File, Format Version 12.00
# Visual Studio Version 16
VisualStudioVersion = 16.0.31729.503
MinimumVisualStudioVersion = 10.0.40219.1
Project("{8BC9CEB8-8B4A-11D0-8D11-00A0C91BC942}") = "LAP1", "LAP\LAP.vcxproj", "{3BDD5A62-645D-426D-9774-9EC2C2865093}"
EndProject
Project("{8BC9CEB8-8B4A-11D0-8D11-00A0C91BC942}") = "LAP2", "LAP2\LAP2.vcxproj", "{F2919EC3-6B90-455E-BF53-177BAE5724AD}"
EndProject
Global
	GlobalSection(SolutionConfigurationPlatforms) = preSolution
		Debug|x64 = Debug|x64
		Debug|x86 = Debug|x86
		Release|x64 = Release|x64
		Release|x86 = Release|x86
	EndGlobalSection
	GlobalSection(ProjectConfigurationPlatforms) = postSolution
		{3BDD5A62-645D-426D-9774-9EC2C2865093}.Debug|x64.ActiveCfg = Debug|x64
		{3BDD5A62-645D-426D-9774-9EC2C2865093}.Debug|x64.Build.0 = Debug|x64
		{3BDD5A62-645D-426D-9774-9EC2C2865093}.Debug|x86.ActiveCfg = Debug|Win32
		{3BDD5A62-645D-426D-9774-9EC2C2865093}.Debug|x86.Build.0 = Debug|Win32
		{3BDD5A62-645D-426D-9774-9EC2C2865093}.Release|x64.ActiveCfg = Release|x64
		{3BDD5A62-645D-426D-9774-9EC2C2865093}.Release|x64.Build.0 = Release|x64
		{3BDD5A62-645D-426D-9774-9EC2C2865093}.Release|x86.ActiveCfg = Release|Win32
		{3BDD5A62-645D-426D-9774-9EC2C2865093}.Release|x86.Build.0 = Release|Win32
		{F2919EC3-6B90-455E-BF53-177BAE5724AD}.Debug|x64.ActiveCfg = Debug|x64
		{F2919EC3-6B90-455E-BF53-177BAE5724AD}.Debug|x64.Build.0 = Debug|x64
		{F2919EC3-6B90-455E-BF53-177BAE5724AD}.Debug|x86.ActiveCfg = Debug|Win32
		{F2919EC3-6B90-455E-BF53-177BAE5724AD}.Debug|x86.Build.0 = Debug|Win32
		{F2919EC3-6B90-455E-BF53-177BAE5724AD}.Release|x64.ActiveCfg = Release|x64
		{F2919EC3-6B90-455E-BF53-177BAE5724AD}.Release|x64.Build.0 = Release|x64
		{F2919EC3-6B90-455E-BF53-177BAE5724AD}.Release|x86.ActiveCfg = Release|Win32
		{F2919EC3-6B90-455E-BF53-177BAE5724AD}.Release|x86.Build.0 = Release|Win32
	EndGlobalSection
	GlobalSection(SolutionProperties) = preSolution
		HideSolutionNode = FALSE
	EndGlobalSection
	GlobalSection(ExtensibilityGlobals) = postSolution
		SolutionGuid = {FBB715C1-52B1-4C78-84BA-DBA5B1AA0C76}
	EndGlobalSection
EndGlobal
