
Microsoft Visual Studio Solution File, Format Version 12.00
# Visual Studio Version 16
VisualStudioVersion = 16.0.31729.503
MinimumVisualStudioVersion = 10.0.40219.1
Project("{8BC9CEB8-8B4A-11D0-8D11-00A0C91BC942}") = "lab3", "lab3.vcxproj", "{B0147B2B-944F-49C8-80F2-8B449D737793}"
EndProject
Global
	GlobalSection(SolutionConfigurationPlatforms) = preSolution
		Debug|x64 = Debug|x64
		Debug|x86 = Debug|x86
		Release|x64 = Release|x64
		Release|x86 = Release|x86
	EndGlobalSection
	GlobalSection(ProjectConfigurationPlatforms) = postSolution
		{B0147B2B-944F-49C8-80F2-8B449D737793}.Debug|x64.ActiveCfg = Debug|x64
		{B0147B2B-944F-49C8-80F2-8B449D737793}.Debug|x64.Build.0 = Debug|x64
		{B0147B2B-944F-49C8-80F2-8B449D737793}.Debug|x86.ActiveCfg = Debug|Win32
		{B0147B2B-944F-49C8-80F2-8B449D737793}.Debug|x86.Build.0 = Debug|Win32
		{B0147B2B-944F-49C8-80F2-8B449D737793}.Release|x64.ActiveCfg = Release|x64
		{B0147B2B-944F-49C8-80F2-8B449D737793}.Release|x64.Build.0 = Release|x64
		{B0147B2B-944F-49C8-80F2-8B449D737793}.Release|x86.ActiveCfg = Release|Win32
		{B0147B2B-944F-49C8-80F2-8B449D737793}.Release|x86.Build.0 = Release|Win32
	EndGlobalSection
	GlobalSection(SolutionProperties) = preSolution
		HideSolutionNode = FALSE
	EndGlobalSection
	GlobalSection(ExtensibilityGlobals) = postSolution
		SolutionGuid = {957DB7A7-DA7F-493C-91B9-AFA3F47209EF}
	EndGlobalSection
EndGlobal
